
Microsoft Visual Studio Solution File, Format Version 12.00
# Visual Studio Version 17
VisualStudioVersion = 17.0.31903.59
MinimumVisualStudioVersion = 10.0.40219.1
Project("{2150E333-8FDC-42A3-9474-1A3956D46DE8}") = "UI", "UI", "{FA674B5A-3394-926C-2B1E-70E5B00E4A5C}"
EndProject
Project("{FAE04EC0-301F-11D3-BF4B-00C04F79EFBC}") = "Layout", "UI\Layout\Layout.csproj", "{19BF222B-365E-4D80-94B0-D6C0902A6CE0}"
EndProject
Project("{2150E333-8FDC-42A3-9474-1A3956D46DE8}") = "TUTORIALS", "TUTORIALS", "{B2B24531-CF78-2AE9-3352-6D2AC8FC8718}"
EndProject
Project("{2150E333-8FDC-42A3-9474-1A3956D46DE8}") = "Tutorial 7 - Movie Lens", "Tutorial 7 - Movie Lens", "{25FB3757-E496-ED0A-58B8-E4B58A2C7295}"
EndProject
Project("{FAE04EC0-301F-11D3-BF4B-00C04F79EFBC}") = "LiveChartTest", "TUTORIALS\Tutorial 7 - Movie Lens\LiveChartTest.csproj", "{3D989BC9-DFFE-4A17-BD14-CB2BD9EA0E82}"
EndProject
Project("{2150E333-8FDC-42A3-9474-1A3956D46DE8}") = "Tutorial 8 - Dice Rolling App", "Tutorial 8 - Dice Rolling App", "{8AE55F63-45E1-8C01-FF81-5ED41D6DEB36}"
EndProject
Project("{FAE04EC0-301F-11D3-BF4B-00C04F79EFBC}") = "MultiDice", "TUTORIALS\Tutorial 8 - Dice Rolling App\MultiDice.csproj", "{65A64BB5-4D63-4898-A677-DEBA33C4F9E2}"
EndProject
Project("{2150E333-8FDC-42A3-9474-1A3956D46DE8}") = "LECTURE EXAMPLES", "LECTURE EXAMPLES", "{85BB94CF-AAA6-F1B2-F0BD-C0EFE90A66E2}"
EndProject
Project("{2150E333-8FDC-42A3-9474-1A3956D46DE8}") = "async UI", "async UI", "{F0283139-A22E-1840-A805-1CEC72692C18}"
EndProject
Project("{FAE04EC0-301F-11D3-BF4B-00C04F79EFBC}") = "AsyncUIExample", "LECTURE EXAMPLES\async UI\AsyncUIExample.csproj", "{9F908260-42B3-4BFC-9D42-E38D5553E32D}"
EndProject
Project("{2150E333-8FDC-42A3-9474-1A3956D46DE8}") = "Tutorial 8 - Dice Rolling App - using cancellation token", "Tutorial 8 - Dice Rolling App - using cancellation token", "{C9429964-79AD-3E9C-6E04-130CB8B77354}"
EndProject
Project("{FAE04EC0-301F-11D3-BF4B-00C04F79EFBC}") = "MultiDice", "TUTORIALS\Tutorial 8 - Dice Rolling App - using cancellation token\MultiDice.csproj", "{30B28B8D-1B38-4167-83BA-FAA639E78B83}"
EndProject
Global
	GlobalSection(SolutionConfigurationPlatforms) = preSolution
		Debug|Any CPU = Debug|Any CPU
		Debug|x64 = Debug|x64
		Debug|x86 = Debug|x86
		Release|Any CPU = Release|Any CPU
		Release|x64 = Release|x64
		Release|x86 = Release|x86
	EndGlobalSection
	GlobalSection(ProjectConfigurationPlatforms) = postSolution
		{19BF222B-365E-4D80-94B0-D6C0902A6CE0}.Debug|Any CPU.ActiveCfg = Debug|Any CPU
		{19BF222B-365E-4D80-94B0-D6C0902A6CE0}.Debug|Any CPU.Build.0 = Debug|Any CPU
		{19BF222B-365E-4D80-94B0-D6C0902A6CE0}.Debug|x64.ActiveCfg = Debug|Any CPU
		{19BF222B-365E-4D80-94B0-D6C0902A6CE0}.Debug|x64.Build.0 = Debug|Any CPU
		{19BF222B-365E-4D80-94B0-D6C0902A6CE0}.Debug|x86.ActiveCfg = Debug|Any CPU
		{19BF222B-365E-4D80-94B0-D6C0902A6CE0}.Debug|x86.Build.0 = Debug|Any CPU
		{19BF222B-365E-4D80-94B0-D6C0902A6CE0}.Release|Any CPU.ActiveCfg = Release|Any CPU
		{19BF222B-365E-4D80-94B0-D6C0902A6CE0}.Release|Any CPU.Build.0 = Release|Any CPU
		{19BF222B-365E-4D80-94B0-D6C0902A6CE0}.Release|x64.ActiveCfg = Release|Any CPU
		{19BF222B-365E-4D80-94B0-D6C0902A6CE0}.Release|x64.Build.0 = Release|Any CPU
		{19BF222B-365E-4D80-94B0-D6C0902A6CE0}.Release|x86.ActiveCfg = Release|Any CPU
		{19BF222B-365E-4D80-94B0-D6C0902A6CE0}.Release|x86.Build.0 = Release|Any CPU
		{3D989BC9-DFFE-4A17-BD14-CB2BD9EA0E82}.Debug|Any CPU.ActiveCfg = Debug|Any CPU
		{3D989BC9-DFFE-4A17-BD14-CB2BD9EA0E82}.Debug|Any CPU.Build.0 = Debug|Any CPU
		{3D989BC9-DFFE-4A17-BD14-CB2BD9EA0E82}.Debug|x64.ActiveCfg = Debug|Any CPU
		{3D989BC9-DFFE-4A17-BD14-CB2BD9EA0E82}.Debug|x64.Build.0 = Debug|Any CPU
		{3D989BC9-DFFE-4A17-BD14-CB2BD9EA0E82}.Debug|x86.ActiveCfg = Debug|Any CPU
		{3D989BC9-DFFE-4A17-BD14-CB2BD9EA0E82}.Debug|x86.Build.0 = Debug|Any CPU
		{3D989BC9-DFFE-4A17-BD14-CB2BD9EA0E82}.Release|Any CPU.ActiveCfg = Release|Any CPU
		{3D989BC9-DFFE-4A17-BD14-CB2BD9EA0E82}.Release|Any CPU.Build.0 = Release|Any CPU
		{3D989BC9-DFFE-4A17-BD14-CB2BD9EA0E82}.Release|x64.ActiveCfg = Release|Any CPU
		{3D989BC9-DFFE-4A17-BD14-CB2BD9EA0E82}.Release|x64.Build.0 = Release|Any CPU
		{3D989BC9-DFFE-4A17-BD14-CB2BD9EA0E82}.Release|x86.ActiveCfg = Release|Any CPU
		{3D989BC9-DFFE-4A17-BD14-CB2BD9EA0E82}.Release|x86.Build.0 = Release|Any CPU
		{65A64BB5-4D63-4898-A677-DEBA33C4F9E2}.Debug|Any CPU.ActiveCfg = Debug|Any CPU
		{65A64BB5-4D63-4898-A677-DEBA33C4F9E2}.Debug|Any CPU.Build.0 = Debug|Any CPU
		{65A64BB5-4D63-4898-A677-DEBA33C4F9E2}.Debug|x64.ActiveCfg = Debug|Any CPU
		{65A64BB5-4D63-4898-A677-DEBA33C4F9E2}.Debug|x64.Build.0 = Debug|Any CPU
		{65A64BB5-4D63-4898-A677-DEBA33C4F9E2}.Debug|x86.ActiveCfg = Debug|Any CPU
		{65A64BB5-4D63-4898-A677-DEBA33C4F9E2}.Debug|x86.Build.0 = Debug|Any CPU
		{65A64BB5-4D63-4898-A677-DEBA33C4F9E2}.Release|Any CPU.ActiveCfg = Release|Any CPU
		{65A64BB5-4D63-4898-A677-DEBA33C4F9E2}.Release|Any CPU.Build.0 = Release|Any CPU
		{65A64BB5-4D63-4898-A677-DEBA33C4F9E2}.Release|x64.ActiveCfg = Release|Any CPU
		{65A64BB5-4D63-4898-A677-DEBA33C4F9E2}.Release|x64.Build.0 = Release|Any CPU
		{65A64BB5-4D63-4898-A677-DEBA33C4F9E2}.Release|x86.ActiveCfg = Release|Any CPU
		{65A64BB5-4D63-4898-A677-DEBA33C4F9E2}.Release|x86.Build.0 = Release|Any CPU
		{9F908260-42B3-4BFC-9D42-E38D5553E32D}.Debug|Any CPU.ActiveCfg = Debug|Any CPU
		{9F908260-42B3-4BFC-9D42-E38D5553E32D}.Debug|Any CPU.Build.0 = Debug|Any CPU
		{9F908260-42B3-4BFC-9D42-E38D5553E32D}.Debug|x64.ActiveCfg = Debug|Any CPU
		{9F908260-42B3-4BFC-9D42-E38D5553E32D}.Debug|x64.Build.0 = Debug|Any CPU
		{9F908260-42B3-4BFC-9D42-E38D5553E32D}.Debug|x86.ActiveCfg = Debug|Any CPU
		{9F908260-42B3-4BFC-9D42-E38D5553E32D}.Debug|x86.Build.0 = Debug|Any CPU
		{9F908260-42B3-4BFC-9D42-E38D5553E32D}.Release|Any CPU.ActiveCfg = Release|Any CPU
		{9F908260-42B3-4BFC-9D42-E38D5553E32D}.Release|Any CPU.Build.0 = Release|Any CPU
		{9F908260-42B3-4BFC-9D42-E38D5553E32D}.Release|x64.ActiveCfg = Release|Any CPU
		{9F908260-42B3-4BFC-9D42-E38D5553E32D}.Release|x64.Build.0 = Release|Any CPU
		{9F908260-42B3-4BFC-9D42-E38D5553E32D}.Release|x86.ActiveCfg = Release|Any CPU
		{9F908260-42B3-4BFC-9D42-E38D5553E32D}.Release|x86.Build.0 = Release|Any CPU
		{30B28B8D-1B38-4167-83BA-FAA639E78B83}.Debug|Any CPU.ActiveCfg = Debug|Any CPU
		{30B28B8D-1B38-4167-83BA-FAA639E78B83}.Debug|Any CPU.Build.0 = Debug|Any CPU
		{30B28B8D-1B38-4167-83BA-FAA639E78B83}.Debug|x64.ActiveCfg = Debug|Any CPU
		{30B28B8D-1B38-4167-83BA-FAA639E78B83}.Debug|x64.Build.0 = Debug|Any CPU
		{30B28B8D-1B38-4167-83BA-FAA639E78B83}.Debug|x86.ActiveCfg = Debug|Any CPU
		{30B28B8D-1B38-4167-83BA-FAA639E78B83}.Debug|x86.Build.0 = Debug|Any CPU
		{30B28B8D-1B38-4167-83BA-FAA639E78B83}.Release|Any CPU.ActiveCfg = Release|Any CPU
		{30B28B8D-1B38-4167-83BA-FAA639E78B83}.Release|Any CPU.Build.0 = Release|Any CPU
		{30B28B8D-1B38-4167-83BA-FAA639E78B83}.Release|x64.ActiveCfg = Release|Any CPU
		{30B28B8D-1B38-4167-83BA-FAA639E78B83}.Release|x64.Build.0 = Release|Any CPU
		{30B28B8D-1B38-4167-83BA-FAA639E78B83}.Release|x86.ActiveCfg = Release|Any CPU
		{30B28B8D-1B38-4167-83BA-FAA639E78B83}.Release|x86.Build.0 = Release|Any CPU
	EndGlobalSection
	GlobalSection(SolutionProperties) = preSolution
		HideSolutionNode = FALSE
	EndGlobalSection
	GlobalSection(NestedProjects) = preSolution
		{19BF222B-365E-4D80-94B0-D6C0902A6CE0} = {FA674B5A-3394-926C-2B1E-70E5B00E4A5C}
		{25FB3757-E496-ED0A-58B8-E4B58A2C7295} = {B2B24531-CF78-2AE9-3352-6D2AC8FC8718}
		{3D989BC9-DFFE-4A17-BD14-CB2BD9EA0E82} = {25FB3757-E496-ED0A-58B8-E4B58A2C7295}
		{8AE55F63-45E1-8C01-FF81-5ED41D6DEB36} = {B2B24531-CF78-2AE9-3352-6D2AC8FC8718}
		{65A64BB5-4D63-4898-A677-DEBA33C4F9E2} = {8AE55F63-45E1-8C01-FF81-5ED41D6DEB36}
		{F0283139-A22E-1840-A805-1CEC72692C18} = {85BB94CF-AAA6-F1B2-F0BD-C0EFE90A66E2}
		{9F908260-42B3-4BFC-9D42-E38D5553E32D} = {F0283139-A22E-1840-A805-1CEC72692C18}
		{C9429964-79AD-3E9C-6E04-130CB8B77354} = {B2B24531-CF78-2AE9-3352-6D2AC8FC8718}
		{30B28B8D-1B38-4167-83BA-FAA639E78B83} = {C9429964-79AD-3E9C-6E04-130CB8B77354}
	EndGlobalSection
EndGlobal
